
Microsoft Visual Studio Solution File, Format Version 12.00
# Visual Studio Version 16
VisualStudioVersion = 16.0.31727.386
MinimumVisualStudioVersion = 10.0.40219.1
Project("{FAE04EC0-301F-11D3-BF4B-00C04F79EFBC}") = "SLAE_Generator", "SLAE_Generator\SLAE_Generator.csproj", "{597465F6-C3EB-4A0D-962B-BA5CDCE5085E}"
EndProject
Global
	GlobalSection(SolutionConfigurationPlatforms) = preSolution
		Debug|Any CPU = Debug|Any CPU
		Release|Any CPU = Release|Any CPU
	EndGlobalSection
	GlobalSection(ProjectConfigurationPlatforms) = postSolution
		{597465F6-C3EB-4A0D-962B-BA5CDCE5085E}.Debug|Any CPU.ActiveCfg = Debug|Any CPU
		{597465F6-C3EB-4A0D-962B-BA5CDCE5085E}.Debug|Any CPU.Build.0 = Debug|Any CPU
		{597465F6-C3EB-4A0D-962B-BA5CDCE5085E}.Release|Any CPU.ActiveCfg = Release|Any CPU
		{597465F6-C3EB-4A0D-962B-BA5CDCE5085E}.Release|Any CPU.Build.0 = Release|Any CPU
	EndGlobalSection
	GlobalSection(SolutionProperties) = preSolution
		HideSolutionNode = FALSE
	EndGlobalSection
	GlobalSection(ExtensibilityGlobals) = postSolution
		SolutionGuid = {3A3226C2-3D70-4786-BA48-486C40F3F765}
	EndGlobalSection
EndGlobal
